
Microsoft Visual Studio Solution File, Format Version 12.00
# Visual Studio Version 16
VisualStudioVersion = 16.0.28729.10
MinimumVisualStudioVersion = 10.0.40219.1
Project("{FAE04EC0-301F-11D3-BF4B-00C04F79EFBC}") = "BoyGin", "BoyGin\BoyGin.csproj", "{903C20A6-5139-4843-89ED-864717E3F6A8}"
EndProject
Global
	GlobalSection(SolutionConfigurationPlatforms) = preSolution
		Debug|Any CPU = Debug|Any CPU
		Release|Any CPU = Release|Any CPU
	EndGlobalSection
	GlobalSection(ProjectConfigurationPlatforms) = postSolution
		{903C20A6-5139-4843-89ED-864717E3F6A8}.Debug|Any CPU.ActiveCfg = Debug|Any CPU
		{903C20A6-5139-4843-89ED-864717E3F6A8}.Debug|Any CPU.Build.0 = Debug|Any CPU
		{903C20A6-5139-4843-89ED-864717E3F6A8}.Release|Any CPU.ActiveCfg = Release|Any CPU
		{903C20A6-5139-4843-89ED-864717E3F6A8}.Release|Any CPU.Build.0 = Release|Any CPU
	EndGlobalSection
	GlobalSection(SolutionProperties) = preSolution
		HideSolutionNode = FALSE
	EndGlobalSection
	GlobalSection(ExtensibilityGlobals) = postSolution
		SolutionGuid = {BC91E8E0-C3A2-4504-A76C-0782A617E652}
	EndGlobalSection
EndGlobal
